
Microsoft Visual Studio Solution File, Format Version 12.00
# Visual Studio Version 17
VisualStudioVersion = 17.0.31903.59
MinimumVisualStudioVersion = 10.0.40219.1
Project("{FAE04EC0-301F-11D3-BF4B-00C04F79EFBC}") = "API", "API\API.csproj", "{4DB31C2B-5AF3-40D4-B371-12FFD87118B7}"
EndProject
Project("{FAE04EC0-301F-11D3-BF4B-00C04F79EFBC}") = "Core", "Core\Core.csproj", "{1D6ADD7D-C459-4208-9A69-999DD360C1AA}"
EndProject
Project("{FAE04EC0-301F-11D3-BF4B-00C04F79EFBC}") = "Infrastructure", "Infrastructure\Infrastructure.csproj", "{61A0D042-5B19-4440-9044-EC33AF0F2A3B}"
EndProject
Global
	GlobalSection(SolutionConfigurationPlatforms) = preSolution
		Debug|Any CPU = Debug|Any CPU
		Release|Any CPU = Release|Any CPU
	EndGlobalSection
	GlobalSection(SolutionProperties) = preSolution
		HideSolutionNode = FALSE
	EndGlobalSection
	GlobalSection(ProjectConfigurationPlatforms) = postSolution
		{4DB31C2B-5AF3-40D4-B371-12FFD87118B7}.Debug|Any CPU.ActiveCfg = Debug|Any CPU
		{4DB31C2B-5AF3-40D4-B371-12FFD87118B7}.Debug|Any CPU.Build.0 = Debug|Any CPU
		{4DB31C2B-5AF3-40D4-B371-12FFD87118B7}.Release|Any CPU.ActiveCfg = Release|Any CPU
		{4DB31C2B-5AF3-40D4-B371-12FFD87118B7}.Release|Any CPU.Build.0 = Release|Any CPU
		{1D6ADD7D-C459-4208-9A69-999DD360C1AA}.Debug|Any CPU.ActiveCfg = Debug|Any CPU
		{1D6ADD7D-C459-4208-9A69-999DD360C1AA}.Debug|Any CPU.Build.0 = Debug|Any CPU
		{1D6ADD7D-C459-4208-9A69-999DD360C1AA}.Release|Any CPU.ActiveCfg = Release|Any CPU
		{1D6ADD7D-C459-4208-9A69-999DD360C1AA}.Release|Any CPU.Build.0 = Release|Any CPU
		{61A0D042-5B19-4440-9044-EC33AF0F2A3B}.Debug|Any CPU.ActiveCfg = Debug|Any CPU
		{61A0D042-5B19-4440-9044-EC33AF0F2A3B}.Debug|Any CPU.Build.0 = Debug|Any CPU
		{61A0D042-5B19-4440-9044-EC33AF0F2A3B}.Release|Any CPU.ActiveCfg = Release|Any CPU
		{61A0D042-5B19-4440-9044-EC33AF0F2A3B}.Release|Any CPU.Build.0 = Release|Any CPU
	EndGlobalSection
EndGlobal
